
Microsoft Visual Studio Solution File, Format Version 12.00
# Visual Studio 15
VisualStudioVersion = 15.0.27703.2042
MinimumVisualStudioVersion = 10.0.40219.1
Project("{FAE04EC0-301F-11D3-BF4B-00C04F79EFBC}") = "FS.Web", "FS.Web\FS.Web.csproj", "{14A048F5-5389-46A0-BBBD-18FDCD6ECF7F}"
EndProject
Project("{FAE04EC0-301F-11D3-BF4B-00C04F79EFBC}") = "FS.Entities", "FS.Entities\FS.Entities.csproj", "{A0327371-880B-4F10-8EC4-55A28EC1F882}"
EndProject
Project("{FAE04EC0-301F-11D3-BF4B-00C04F79EFBC}") = "FS.DTOs", "FS.DTOs\FS.DTOs.csproj", "{EB2AE7EE-A1E6-49A0-A641-C476B7E469CA}"
EndProject
Project("{FAE04EC0-301F-11D3-BF4B-00C04F79EFBC}") = "FS.Services", "FS.Services\FS.Services.csproj", "{C6245444-D039-45D0-A58D-54A260A3FA50}"
EndProject
Project("{FAE04EC0-301F-11D3-BF4B-00C04F79EFBC}") = "FS.Services.Interfaces", "FS.Services.Interfaces\FS.Services.Interfaces.csproj", "{8FB398CC-3B7D-48C4-9F63-124AFF8BEE98}"
EndProject
Project("{FAE04EC0-301F-11D3-BF4B-00C04F79EFBC}") = "FS.Bootstrapper", "FS.Bootstrapper\FS.Bootstrapper.csproj", "{8463447B-2B05-44C0-8EB4-F478E787F1C7}"
EndProject
Global
	GlobalSection(SolutionConfigurationPlatforms) = preSolution
		Debug|Any CPU = Debug|Any CPU
		Release|Any CPU = Release|Any CPU
	EndGlobalSection
	GlobalSection(ProjectConfigurationPlatforms) = postSolution
		{14A048F5-5389-46A0-BBBD-18FDCD6ECF7F}.Debug|Any CPU.ActiveCfg = Debug|Any CPU
		{14A048F5-5389-46A0-BBBD-18FDCD6ECF7F}.Debug|Any CPU.Build.0 = Debug|Any CPU
		{14A048F5-5389-46A0-BBBD-18FDCD6ECF7F}.Release|Any CPU.ActiveCfg = Release|Any CPU
		{14A048F5-5389-46A0-BBBD-18FDCD6ECF7F}.Release|Any CPU.Build.0 = Release|Any CPU
		{A0327371-880B-4F10-8EC4-55A28EC1F882}.Debug|Any CPU.ActiveCfg = Debug|Any CPU
		{A0327371-880B-4F10-8EC4-55A28EC1F882}.Debug|Any CPU.Build.0 = Debug|Any CPU
		{A0327371-880B-4F10-8EC4-55A28EC1F882}.Release|Any CPU.ActiveCfg = Release|Any CPU
		{A0327371-880B-4F10-8EC4-55A28EC1F882}.Release|Any CPU.Build.0 = Release|Any CPU
		{EB2AE7EE-A1E6-49A0-A641-C476B7E469CA}.Debug|Any CPU.ActiveCfg = Debug|Any CPU
		{EB2AE7EE-A1E6-49A0-A641-C476B7E469CA}.Debug|Any CPU.Build.0 = Debug|Any CPU
		{EB2AE7EE-A1E6-49A0-A641-C476B7E469CA}.Release|Any CPU.ActiveCfg = Release|Any CPU
		{EB2AE7EE-A1E6-49A0-A641-C476B7E469CA}.Release|Any CPU.Build.0 = Release|Any CPU
		{C6245444-D039-45D0-A58D-54A260A3FA50}.Debug|Any CPU.ActiveCfg = Debug|Any CPU
		{C6245444-D039-45D0-A58D-54A260A3FA50}.Debug|Any CPU.Build.0 = Debug|Any CPU
		{C6245444-D039-45D0-A58D-54A260A3FA50}.Release|Any CPU.ActiveCfg = Release|Any CPU
		{C6245444-D039-45D0-A58D-54A260A3FA50}.Release|Any CPU.Build.0 = Release|Any CPU
		{8FB398CC-3B7D-48C4-9F63-124AFF8BEE98}.Debug|Any CPU.ActiveCfg = Debug|Any CPU
		{8FB398CC-3B7D-48C4-9F63-124AFF8BEE98}.Debug|Any CPU.Build.0 = Debug|Any CPU
		{8FB398CC-3B7D-48C4-9F63-124AFF8BEE98}.Release|Any CPU.ActiveCfg = Release|Any CPU
		{8FB398CC-3B7D-48C4-9F63-124AFF8BEE98}.Release|Any CPU.Build.0 = Release|Any CPU
		{8463447B-2B05-44C0-8EB4-F478E787F1C7}.Debug|Any CPU.ActiveCfg = Debug|Any CPU
		{8463447B-2B05-44C0-8EB4-F478E787F1C7}.Debug|Any CPU.Build.0 = Debug|Any CPU
		{8463447B-2B05-44C0-8EB4-F478E787F1C7}.Release|Any CPU.ActiveCfg = Release|Any CPU
		{8463447B-2B05-44C0-8EB4-F478E787F1C7}.Release|Any CPU.Build.0 = Release|Any CPU
	EndGlobalSection
	GlobalSection(SolutionProperties) = preSolution
		HideSolutionNode = FALSE
	EndGlobalSection
	GlobalSection(ExtensibilityGlobals) = postSolution
		SolutionGuid = {A492EAC6-3155-4B16-8C77-6E42C6214868}
	EndGlobalSection
EndGlobal
